
Microsoft Visual Studio Solution File, Format Version 12.00
# Visual Studio 15
VisualStudioVersion = 15.0.28307.136
MinimumVisualStudioVersion = 10.0.40219.1
Project("{FAE04EC0-301F-11D3-BF4B-00C04F79EFBC}") = "AluminiumParser", "AluminiumParser\AluminiumParser.csproj", "{F1595AE3-DEE6-4546-A29E-AC903E9AF8B2}"
EndProject
Global
	GlobalSection(SolutionConfigurationPlatforms) = preSolution
		Debug|Any CPU = Debug|Any CPU
		Release|Any CPU = Release|Any CPU
	EndGlobalSection
	GlobalSection(ProjectConfigurationPlatforms) = postSolution
		{F1595AE3-DEE6-4546-A29E-AC903E9AF8B2}.Debug|Any CPU.ActiveCfg = Debug|Any CPU
		{F1595AE3-DEE6-4546-A29E-AC903E9AF8B2}.Debug|Any CPU.Build.0 = Debug|Any CPU
		{F1595AE3-DEE6-4546-A29E-AC903E9AF8B2}.Release|Any CPU.ActiveCfg = Release|Any CPU
		{F1595AE3-DEE6-4546-A29E-AC903E9AF8B2}.Release|Any CPU.Build.0 = Release|Any CPU
	EndGlobalSection
	GlobalSection(SolutionProperties) = preSolution
		HideSolutionNode = FALSE
	EndGlobalSection
	GlobalSection(ExtensibilityGlobals) = postSolution
		SolutionGuid = {A496797C-7770-45CB-957D-8B1B924A2678}
	EndGlobalSection
EndGlobal
